
Microsoft Visual Studio Solution File, Format Version 12.00
# Visual Studio Version 17
VisualStudioVersion = 17.0.31903.59
MinimumVisualStudioVersion = 10.0.40219.1
Project("{FAE04EC0-301F-11D3-BF4B-00C04F79EFBC}") = "DBConnector.ConsoleApp", "DBConnector.ConsoleApp\DBConnector.ConsoleApp.csproj", "{DF70F6F6-E15B-4C9D-BA51-A2BFC1884872}"
EndProject
Project("{2150E333-8FDC-42A3-9474-1A3956D46DE8}") = "assignment5solution-master", "assignment5solution-master", "{D396BA3A-B562-10DB-C259-C39509FEFDD3}"
EndProject
Project("{FAE04EC0-301F-11D3-BF4B-00C04F79EFBC}") = "DBConnector", "assignment5solution-master\DBConnector\DBConnector.csproj", "{57792DF0-34AC-4DBA-BF2D-3DFE49799246}"
EndProject
Global
	GlobalSection(SolutionConfigurationPlatforms) = preSolution
		Debug|Any CPU = Debug|Any CPU
		Debug|x64 = Debug|x64
		Debug|x86 = Debug|x86
		Release|Any CPU = Release|Any CPU
		Release|x64 = Release|x64
		Release|x86 = Release|x86
	EndGlobalSection
	GlobalSection(ProjectConfigurationPlatforms) = postSolution
		{DF70F6F6-E15B-4C9D-BA51-A2BFC1884872}.Debug|Any CPU.ActiveCfg = Debug|Any CPU
		{DF70F6F6-E15B-4C9D-BA51-A2BFC1884872}.Debug|Any CPU.Build.0 = Debug|Any CPU
		{DF70F6F6-E15B-4C9D-BA51-A2BFC1884872}.Debug|x64.ActiveCfg = Debug|Any CPU
		{DF70F6F6-E15B-4C9D-BA51-A2BFC1884872}.Debug|x64.Build.0 = Debug|Any CPU
		{DF70F6F6-E15B-4C9D-BA51-A2BFC1884872}.Debug|x86.ActiveCfg = Debug|Any CPU
		{DF70F6F6-E15B-4C9D-BA51-A2BFC1884872}.Debug|x86.Build.0 = Debug|Any CPU
		{DF70F6F6-E15B-4C9D-BA51-A2BFC1884872}.Release|Any CPU.ActiveCfg = Release|Any CPU
		{DF70F6F6-E15B-4C9D-BA51-A2BFC1884872}.Release|Any CPU.Build.0 = Release|Any CPU
		{DF70F6F6-E15B-4C9D-BA51-A2BFC1884872}.Release|x64.ActiveCfg = Release|Any CPU
		{DF70F6F6-E15B-4C9D-BA51-A2BFC1884872}.Release|x64.Build.0 = Release|Any CPU
		{DF70F6F6-E15B-4C9D-BA51-A2BFC1884872}.Release|x86.ActiveCfg = Release|Any CPU
		{DF70F6F6-E15B-4C9D-BA51-A2BFC1884872}.Release|x86.Build.0 = Release|Any CPU
		{57792DF0-34AC-4DBA-BF2D-3DFE49799246}.Debug|Any CPU.ActiveCfg = Debug|Any CPU
		{57792DF0-34AC-4DBA-BF2D-3DFE49799246}.Debug|Any CPU.Build.0 = Debug|Any CPU
		{57792DF0-34AC-4DBA-BF2D-3DFE49799246}.Debug|x64.ActiveCfg = Debug|Any CPU
		{57792DF0-34AC-4DBA-BF2D-3DFE49799246}.Debug|x64.Build.0 = Debug|Any CPU
		{57792DF0-34AC-4DBA-BF2D-3DFE49799246}.Debug|x86.ActiveCfg = Debug|Any CPU
		{57792DF0-34AC-4DBA-BF2D-3DFE49799246}.Debug|x86.Build.0 = Debug|Any CPU
		{57792DF0-34AC-4DBA-BF2D-3DFE49799246}.Release|Any CPU.ActiveCfg = Release|Any CPU
		{57792DF0-34AC-4DBA-BF2D-3DFE49799246}.Release|Any CPU.Build.0 = Release|Any CPU
		{57792DF0-34AC-4DBA-BF2D-3DFE49799246}.Release|x64.ActiveCfg = Release|Any CPU
		{57792DF0-34AC-4DBA-BF2D-3DFE49799246}.Release|x64.Build.0 = Release|Any CPU
		{57792DF0-34AC-4DBA-BF2D-3DFE49799246}.Release|x86.ActiveCfg = Release|Any CPU
		{57792DF0-34AC-4DBA-BF2D-3DFE49799246}.Release|x86.Build.0 = Release|Any CPU
	EndGlobalSection
	GlobalSection(SolutionProperties) = preSolution
		HideSolutionNode = FALSE
	EndGlobalSection
	GlobalSection(NestedProjects) = preSolution
		{57792DF0-34AC-4DBA-BF2D-3DFE49799246} = {D396BA3A-B562-10DB-C259-C39509FEFDD3}
	EndGlobalSection
EndGlobal
